
Microsoft Visual Studio Solution File, Format Version 12.00
# Visual Studio Version 17
VisualStudioVersion = 17.2.32630.192
MinimumVisualStudioVersion = 10.0.40219.1
Project("{9A19103F-16F7-4668-BE54-9A1E7A4F7556}") = "function-app", "function-app\function-app.csproj", "{4871154A-B985-4765-92C8-514CA4181A2C}"
EndProject
Project("{FAE04EC0-301F-11D3-BF4B-00C04F79EFBC}") = "Photos.AnalyzerService", "..\Photos.AnalyzerService\Photos.AnalyzerService.csproj", "{FDF74E0E-FEC9-43FF-A353-2D86BA10D320}"
EndProject
Project("{FAE04EC0-301F-11D3-BF4B-00C04F79EFBC}") = "Photos.AnalyzerService.Abstractions", "..\Photos.AnalyzerService.Abstractions\Photos.AnalyzerService.Abstractions.csproj", "{29F3B6E9-27C1-4ECB-A1EA-0D56EAA4B602}"
EndProject
Global
	GlobalSection(SolutionConfigurationPlatforms) = preSolution
		Debug|Any CPU = Debug|Any CPU
		Release|Any CPU = Release|Any CPU
	EndGlobalSection
	GlobalSection(ProjectConfigurationPlatforms) = postSolution
		{4871154A-B985-4765-92C8-514CA4181A2C}.Debug|Any CPU.ActiveCfg = Debug|Any CPU
		{4871154A-B985-4765-92C8-514CA4181A2C}.Debug|Any CPU.Build.0 = Debug|Any CPU
		{4871154A-B985-4765-92C8-514CA4181A2C}.Release|Any CPU.ActiveCfg = Release|Any CPU
		{4871154A-B985-4765-92C8-514CA4181A2C}.Release|Any CPU.Build.0 = Release|Any CPU
		{FDF74E0E-FEC9-43FF-A353-2D86BA10D320}.Debug|Any CPU.ActiveCfg = Debug|Any CPU
		{FDF74E0E-FEC9-43FF-A353-2D86BA10D320}.Debug|Any CPU.Build.0 = Debug|Any CPU
		{FDF74E0E-FEC9-43FF-A353-2D86BA10D320}.Release|Any CPU.ActiveCfg = Release|Any CPU
		{FDF74E0E-FEC9-43FF-A353-2D86BA10D320}.Release|Any CPU.Build.0 = Release|Any CPU
		{29F3B6E9-27C1-4ECB-A1EA-0D56EAA4B602}.Debug|Any CPU.ActiveCfg = Debug|Any CPU
		{29F3B6E9-27C1-4ECB-A1EA-0D56EAA4B602}.Debug|Any CPU.Build.0 = Debug|Any CPU
		{29F3B6E9-27C1-4ECB-A1EA-0D56EAA4B602}.Release|Any CPU.ActiveCfg = Release|Any CPU
		{29F3B6E9-27C1-4ECB-A1EA-0D56EAA4B602}.Release|Any CPU.Build.0 = Release|Any CPU
	EndGlobalSection
	GlobalSection(SolutionProperties) = preSolution
		HideSolutionNode = FALSE
	EndGlobalSection
	GlobalSection(ExtensibilityGlobals) = postSolution
		SolutionGuid = {0BC4BF8B-D0E5-413E-8802-8098D3B9139C}
	EndGlobalSection
EndGlobal
